{
  "name": "san",
  "version": "1.0.0",
  "lockfileVersion": 1,
  "requires": true,
  "dependencies": {
    "typescript": {
      "version": "4.1.0-dev.20200910",
      "resolved": "https://registry.npmjs.org/typescript/-/typescript-4.1.0-dev.20200910.tgz",
      "integrity": "sha512-XF+ZdED3gG6rTrt8TDzMiZvbdMsgZgifI/RNS/kZtpuXJViKxrpUw5WtukKG0XBhm+YtCw3hDhlq3hKdi8SzUg=="
    }
  }
}
